// !$*UTF8*$!
{
	archiveVersion = 1;
	classes = {
	};
	objectVersion = 55;
	objects = {

/* Begin PBXBuildFile section */
		1EA17C6AE134E3CB780CBF28 /* Pods_SwingOn.framework in Frameworks */ = {isa = PBXBuildFile; fileRef = 70CD5C2A9640B9EB9BF00863 /* Pods_SwingOn.framework */; };
		2727D6F1272FA627001DFC17 /* SwingOnApp.swift in Sources */ = {isa = PBXBuildFile; fileRef = 2727D6F0272FA627001DFC17 /* SwingOnApp.swift */; };
		2727D6F3272FA627001DFC17 /* ContentView.swift in Sources */ = {isa = PBXBuildFile; fileRef = 2727D6F2272FA627001DFC17 /* ContentView.swift */; };
		2727D6F5272FA628001DFC17 /* Assets.xcassets in Resources */ = {isa = PBXBuildFile; fileRef = 2727D6F4272FA628001DFC17 /* Assets.xcassets */; };
		2727D6F8272FA628001DFC17 /* Preview Assets.xcassets in Resources */ = {isa = PBXBuildFile; fileRef = 2727D6F7272FA628001DFC17 /* Preview Assets.xcassets */; };
		2727D6FF272FA6C3001DFC17 /* Launch Screen.storyboard in Resources */ = {isa = PBXBuildFile; fileRef = 2727D6FE272FA6C3001DFC17 /* Launch Screen.storyboard */; };
		4CFFC60C2741EC98000D2320 /* CameraFeedManager.swift in Sources */ = {isa = PBXBuildFile; fileRef = 4CFFC60B2741EC97000D2320 /* CameraFeedManager.swift */; };
		4CFFC6122741ECC3000D2320 /* PoseEstimator.swift in Sources */ = {isa = PBXBuildFile; fileRef = 4CFFC60E2741ECC3000D2320 /* PoseEstimator.swift */; };
		4CFFC6132741ECC3000D2320 /* MoveNet.swift in Sources */ = {isa = PBXBuildFile; fileRef = 4CFFC60F2741ECC3000D2320 /* MoveNet.swift */; };
		4CFFC6142741ECC3000D2320 /* PoseData.swift in Sources */ = {isa = PBXBuildFile; fileRef = 4CFFC6102741ECC3000D2320 /* PoseData.swift */; };
		4CFFC6152741ECC3000D2320 /* PoseConfig.swift in Sources */ = {isa = PBXBuildFile; fileRef = 4CFFC6112741ECC3000D2320 /* PoseConfig.swift */; };
		4CFFC6172741ECD9000D2320 /* OverlayView.swift in Sources */ = {isa = PBXBuildFile; fileRef = 4CFFC6162741ECD9000D2320 /* OverlayView.swift */; };
		4CFFC61C2741F05C000D2320 /* Data+TFLite.swift in Sources */ = {isa = PBXBuildFile; fileRef = 4CFFC6192741F05C000D2320 /* Data+TFLite.swift */; };
		4CFFC61D2741F05C000D2320 /* CGSize+TFLite.swift in Sources */ = {isa = PBXBuildFile; fileRef = 4CFFC61A2741F05C000D2320 /* CGSize+TFLite.swift */; };
		4CFFC61E2741F05C000D2320 /* CVPixelBuffer+TFLite.swift in Sources */ = {isa = PBXBuildFile; fileRef = 4CFFC61B2741F05C000D2320 /* CVPixelBuffer+TFLite.swift */; };
/* End PBXBuildFile section */

/* Begin PBXFileReference section */
		2727D6ED272FA627001DFC17 /* SwingOn.app */ = {isa = PBXFileReference; explicitFileType = wrapper.application; includeInIndex = 0; path = SwingOn.app; sourceTree = BUILT_PRODUCTS_DIR; };
		2727D6F0272FA627001DFC17 /* SwingOnApp.swift */ = {isa = PBXFileReference; lastKnownFileType = sourcecode.swift; path = SwingOnApp.swift; sourceTree = "<group>"; };
		2727D6F2272FA627001DFC17 /* ContentView.swift */ = {isa = PBXFileReference; lastKnownFileType = sourcecode.swift; path = ContentView.swift; sourceTree = "<group>"; };
		2727D6F4272FA628001DFC17 /* Assets.xcassets */ = {isa = PBXFileReference; lastKnownFileType = folder.assetcatalog; path = Assets.xcassets; sourceTree = "<group>"; };
		2727D6F7272FA628001DFC17 /* Preview Assets.xcassets */ = {isa = PBXFileReference; lastKnownFileType = folder.assetcatalog; path = "Preview Assets.xcassets"; sourceTree = "<group>"; };
		2727D6FE272FA6C3001DFC17 /* Launch Screen.storyboard */ = {isa = PBXFileReference; lastKnownFileType = file.storyboard; path = "Launch Screen.storyboard"; sourceTree = "<group>"; };
		4CC79D89E7C95E77577EA08B /* Pods-SwingOn.release.xcconfig */ = {isa = PBXFileReference; includeInIndex = 1; lastKnownFileType = text.xcconfig; name = "Pods-SwingOn.release.xcconfig"; path = "Target Support Files/Pods-SwingOn/Pods-SwingOn.release.xcconfig"; sourceTree = "<group>"; };
		4CFFC60B2741EC97000D2320 /* CameraFeedManager.swift */ = {isa = PBXFileReference; fileEncoding = 4; lastKnownFileType = sourcecode.swift; path = CameraFeedManager.swift; sourceTree = "<group>"; };
		4CFFC60E2741ECC3000D2320 /* PoseEstimator.swift */ = {isa = PBXFileReference; fileEncoding = 4; lastKnownFileType = sourcecode.swift; path = PoseEstimator.swift; sourceTree = "<group>"; };
		4CFFC60F2741ECC3000D2320 /* MoveNet.swift */ = {isa = PBXFileReference; fileEncoding = 4; lastKnownFileType = sourcecode.swift; path = MoveNet.swift; sourceTree = "<group>"; };
		4CFFC6102741ECC3000D2320 /* PoseData.swift */ = {isa = PBXFileReference; fileEncoding = 4; lastKnownFileType = sourcecode.swift; path = PoseData.swift; sourceTree = "<group>"; };
		4CFFC6112741ECC3000D2320 /* PoseConfig.swift */ = {isa = PBXFileReference; fileEncoding = 4; lastKnownFileType = sourcecode.swift; path = PoseConfig.swift; sourceTree = "<group>"; };
		4CFFC6162741ECD9000D2320 /* OverlayView.swift */ = {isa = PBXFileReference; fileEncoding = 4; lastKnownFileType = sourcecode.swift; path = OverlayView.swift; sourceTree = "<group>"; };
		4CFFC6192741F05C000D2320 /* Data+TFLite.swift */ = {isa = PBXFileReference; fileEncoding = 4; lastKnownFileType = sourcecode.swift; path = "Data+TFLite.swift"; sourceTree = "<group>"; };
		4CFFC61A2741F05C000D2320 /* CGSize+TFLite.swift */ = {isa = PBXFileReference; fileEncoding = 4; lastKnownFileType = sourcecode.swift; path = "CGSize+TFLite.swift"; sourceTree = "<group>"; };
		4CFFC61B2741F05C000D2320 /* CVPixelBuffer+TFLite.swift */ = {isa = PBXFileReference; fileEncoding = 4; lastKnownFileType = sourcecode.swift; path = "CVPixelBuffer+TFLite.swift"; sourceTree = "<group>"; };
		70CD5C2A9640B9EB9BF00863 /* Pods_SwingOn.framework */ = {isa = PBXFileReference; explicitFileType = wrapper.framework; includeInIndex = 0; path = Pods_SwingOn.framework; sourceTree = BUILT_PRODUCTS_DIR; };
		7BDB36D028DE752E69AA4DC0 /* Pods-SwingOn.debug.xcconfig */ = {isa = PBXFileReference; includeInIndex = 1; lastKnownFileType = text.xcconfig; name = "Pods-SwingOn.debug.xcconfig"; path = "Target Support Files/Pods-SwingOn/Pods-SwingOn.debug.xcconfig"; sourceTree = "<group>"; };
/* End PBXFileReference section */

/* Begin PBXFrameworksBuildPhase section */
		2727D6EA272FA627001DFC17 /* Frameworks */ = {
			isa = PBXFrameworksBuildPhase;
			buildActionMask = 2147483647;
			files = (
				1EA17C6AE134E3CB780CBF28 /* Pods_SwingOn.framework in Frameworks */,
			);
			runOnlyForDeploymentPostprocessing = 0;
		};
/* End PBXFrameworksBuildPhase section */

/* Begin PBXGroup section */
		2727D6E4272FA627001DFC17 = {
			isa = PBXGroup;
			children = (
				2727D6EF272FA627001DFC17 /* SwingOn */,
				2727D6EE272FA627001DFC17 /* Products */,
				BCCCB0D70C64C43AD661458E /* Pods */,
				4A6814DF3E880AFCB58B3654 /* Frameworks */,
			);
			sourceTree = "<group>";
		};
		2727D6EE272FA627001DFC17 /* Products */ = {
			isa = PBXGroup;
			children = (
				2727D6ED272FA627001DFC17 /* SwingOn.app */,
			);
			name = Products;
			sourceTree = "<group>";
		};
		2727D6EF272FA627001DFC17 /* SwingOn */ = {
			isa = PBXGroup;
			children = (
				4CFFC60D2741ECC3000D2320 /* ML */,
				2727D6F0272FA627001DFC17 /* SwingOnApp.swift */,
				4CFFC60A2741EC97000D2320 /* Camera */,
				4CFFC6092741A9FC000D2320 /* UI */,
				2727D6F4272FA628001DFC17 /* Assets.xcassets */,
				2727D6F6272FA628001DFC17 /* Preview Content */,
				2727D6FE272FA6C3001DFC17 /* Launch Screen.storyboard */,
			);
			path = SwingOn;
			sourceTree = "<group>";
		};
		2727D6F6272FA628001DFC17 /* Preview Content */ = {
			isa = PBXGroup;
			children = (
				2727D6F7272FA628001DFC17 /* Preview Assets.xcassets */,
			);
			path = "Preview Content";
			sourceTree = "<group>";
		};
		4A6814DF3E880AFCB58B3654 /* Frameworks */ = {
			isa = PBXGroup;
			children = (
				70CD5C2A9640B9EB9BF00863 /* Pods_SwingOn.framework */,
			);
			name = Frameworks;
			sourceTree = "<group>";
		};
		4CFFC6092741A9FC000D2320 /* UI */ = {
			isa = PBXGroup;
			children = (
				2727D6F2272FA627001DFC17 /* ContentView.swift */,
				4CFFC6162741ECD9000D2320 /* OverlayView.swift */,
			);
			path = UI;
			sourceTree = "<group>";
		};
		4CFFC60A2741EC97000D2320 /* Camera */ = {
			isa = PBXGroup;
			children = (
				4CFFC60B2741EC97000D2320 /* CameraFeedManager.swift */,
			);
			path = Camera;
			sourceTree = "<group>";
		};
		4CFFC60D2741ECC3000D2320 /* ML */ = {
			isa = PBXGroup;
			children = (
				4CFFC6182741F05C000D2320 /* Extensions */,
				4CFFC6202741F58C000D2320 /* Models */,
			);
			path = ML;
			sourceTree = "<group>";
		};
		4CFFC6182741F05C000D2320 /* Extensions */ = {
			isa = PBXGroup;
			children = (
				4CFFC6192741F05C000D2320 /* Data+TFLite.swift */,
				4CFFC61A2741F05C000D2320 /* CGSize+TFLite.swift */,
				4CFFC61B2741F05C000D2320 /* CVPixelBuffer+TFLite.swift */,
			);
			name = Extensions;
			path = ../../../examples/lite/examples/pose_estimation/ios/PoseEstimation/ML/Extensions;
			sourceTree = "<group>";
		};
		4CFFC6202741F58C000D2320 /* Models */ = {
			isa = PBXGroup;
			children = (
				4CFFC6112741ECC3000D2320 /* PoseConfig.swift */,
				4CFFC60E2741ECC3000D2320 /* PoseEstimator.swift */,
				4CFFC60F2741ECC3000D2320 /* MoveNet.swift */,
				4CFFC6102741ECC3000D2320 /* PoseData.swift */,
			);
			path = Models;
			sourceTree = "<group>";
		};
		BCCCB0D70C64C43AD661458E /* Pods */ = {
			isa = PBXGroup;
			children = (
				7BDB36D028DE752E69AA4DC0 /* Pods-SwingOn.debug.xcconfig */,
				4CC79D89E7C95E77577EA08B /* Pods-SwingOn.release.xcconfig */,
			);
			path = Pods;
			sourceTree = "<group>";
		};
/* End PBXGroup section */

/* Begin PBXNativeTarget section */
		2727D6EC272FA627001DFC17 /* SwingOn */ = {
			isa = PBXNativeTarget;
			buildConfigurationList = 2727D6FB272FA628001DFC17 /* Build configuration list for PBXNativeTarget "SwingOn" */;
			buildPhases = (
				6CC30646B4A9A9490E9E4EFA /* [CP] Check Pods Manifest.lock */,
				4CFFC61F2741F2ED000D2320 /* Download TFLite Models */,
				2727D6E9272FA627001DFC17 /* Sources */,
				2727D6EA272FA627001DFC17 /* Frameworks */,
				2727D6EB272FA627001DFC17 /* Resources */,
			);
			buildRules = (
			);
			dependencies = (
			);
			name = SwingOn;
			productName = SwingOn;
			productReference = 2727D6ED272FA627001DFC17 /* SwingOn.app */;
			productType = "com.apple.product-type.application";
		};
/* End PBXNativeTarget section */

/* Begin PBXProject section */
		2727D6E5272FA627001DFC17 /* Project object */ = {
			isa = PBXProject;
			attributes = {
				BuildIndependentTargetsInParallel = 1;
				LastSwiftUpdateCheck = 1310;
				LastUpgradeCheck = 1310;
				TargetAttributes = {
					2727D6EC272FA627001DFC17 = {
						CreatedOnToolsVersion = 13.1;
					};
				};
			};
			buildConfigurationList = 2727D6E8272FA627001DFC17 /* Build configuration list for PBXProject "SwingOn" */;
			compatibilityVersion = "Xcode 13.0";
			developmentRegion = en;
			hasScannedForEncodings = 0;
			knownRegions = (
				en,
				Base,
			);
			mainGroup = 2727D6E4272FA627001DFC17;
			productRefGroup = 2727D6EE272FA627001DFC17 /* Products */;
			projectDirPath = "";
			projectRoot = "";
			targets = (
				2727D6EC272FA627001DFC17 /* SwingOn */,
			);
		};
/* End PBXProject section */

/* Begin PBXResourcesBuildPhase section */
		2727D6EB272FA627001DFC17 /* Resources */ = {
			isa = PBXResourcesBuildPhase;
			buildActionMask = 2147483647;
			files = (
				2727D6FF272FA6C3001DFC17 /* Launch Screen.storyboard in Resources */,
				2727D6F8272FA628001DFC17 /* Preview Assets.xcassets in Resources */,
				2727D6F5272FA628001DFC17 /* Assets.xcassets in Resources */,
			);
			runOnlyForDeploymentPostprocessing = 0;
		};
/* End PBXResourcesBuildPhase section */

/* Begin PBXShellScriptBuildPhase section */
		4CFFC61F2741F2ED000D2320 /* Download TFLite Models */ = {
			isa = PBXShellScriptBuildPhase;
			buildActionMask = 2147483647;
			files = (
			);
			inputFileListPaths = (
			);
			inputPaths = (
			);
			name = "Download TFLite Models";
			outputFileListPaths = (
			);
			outputPaths = (
			);
			runOnlyForDeploymentPostprocessing = 0;
			shellPath = /bin/sh;
			shellScript = "/bin/sh \"$SRCROOT/RunScripts/download_models.sh\"\n";
		};
		6CC30646B4A9A9490E9E4EFA /* [CP] Check Pods Manifest.lock */ = {
			isa = PBXShellScriptBuildPhase;
			buildActionMask = 2147483647;
			files = (
			);
			inputFileListPaths = (
			);
			inputPaths = (
				"${PODS_PODFILE_DIR_PATH}/Podfile.lock",
				"${PODS_ROOT}/Manifest.lock",
			);
			name = "[CP] Check Pods Manifest.lock";
			outputFileListPaths = (
			);
			outputPaths = (
				"$(DERIVED_FILE_DIR)/Pods-SwingOn-checkManifestLockResult.txt",
			);
			runOnlyForDeploymentPostprocessing = 0;
			shellPath = /bin/sh;
			shellScript = "diff \"${PODS_PODFILE_DIR_PATH}/Podfile.lock\" \"${PODS_ROOT}/Manifest.lock\" > /dev/null\nif [ $? != 0 ] ; then\n    # print error to STDERR\n    echo \"error: The sandbox is not in sync with the Podfile.lock. Run 'pod install' or update your CocoaPods installation.\" >&2\n    exit 1\nfi\n# This output is used by Xcode 'outputs' to avoid re-running this script phase.\necho \"SUCCESS\" > \"${SCRIPT_OUTPUT_FILE_0}\"\n";
			showEnvVarsInLog = 0;
		};
/* End PBXShellScriptBuildPhase section */

/* Begin PBXSourcesBuildPhase section */
		2727D6E9272FA627001DFC17 /* Sources */ = {
			isa = PBXSourcesBuildPhase;
			buildActionMask = 2147483647;
			files = (
				4CFFC6152741ECC3000D2320 /* PoseConfig.swift in Sources */,
				4CFFC6172741ECD9000D2320 /* OverlayView.swift in Sources */,
				4CFFC6142741ECC3000D2320 /* PoseData.swift in Sources */,
				4CFFC6132741ECC3000D2320 /* MoveNet.swift in Sources */,
				2727D6F3272FA627001DFC17 /* ContentView.swift in Sources */,
				4CFFC6122741ECC3000D2320 /* PoseEstimator.swift in Sources */,
				4CFFC61D2741F05C000D2320 /* CGSize+TFLite.swift in Sources */,
				4CFFC61E2741F05C000D2320 /* CVPixelBuffer+TFLite.swift in Sources */,
				2727D6F1272FA627001DFC17 /* SwingOnApp.swift in Sources */,
				4CFFC61C2741F05C000D2320 /* Data+TFLite.swift in Sources */,
				4CFFC60C2741EC98000D2320 /* CameraFeedManager.swift in Sources */,
			);
			runOnlyForDeploymentPostprocessing = 0;
		};
/* End PBXSourcesBuildPhase section */

/* Begin XCBuildConfiguration section */
		2727D6F9272FA628001DFC17 /* Debug */ = {
			isa = XCBuildConfiguration;
			buildSettings = {
				ALWAYS_SEARCH_USER_PATHS = NO;
				CLANG_ANALYZER_NONNULL = YES;
				CLANG_ANALYZER_NUMBER_OBJECT_CONVERSION = YES_AGGRESSIVE;
				CLANG_CXX_LANGUAGE_STANDARD = "gnu++17";
				CLANG_CXX_LIBRARY = "libc++";
				CLANG_ENABLE_MODULES = YES;
				CLANG_ENABLE_OBJC_ARC = YES;
				CLANG_ENABLE_OBJC_WEAK = YES;
				CLANG_WARN_BLOCK_CAPTURE_AUTORELEASING = YES;
				CLANG_WARN_BOOL_CONVERSION = YES;
				CLANG_WARN_COMMA = YES;
				CLANG_WARN_CONSTANT_CONVERSION = YES;
				CLANG_WARN_DEPRECATED_OBJC_IMPLEMENTATIONS = YES;
				CLANG_WARN_DIRECT_OBJC_ISA_USAGE = YES_ERROR;
				CLANG_WARN_DOCUMENTATION_COMMENTS = YES;
				CLANG_WARN_EMPTY_BODY = YES;
				CLANG_WARN_ENUM_CONVERSION = YES;
				CLANG_WARN_INFINITE_RECURSION = YES;
				CLANG_WARN_INT_CONVERSION = YES;
				CLANG_WARN_NON_LITERAL_NULL_CONVERSION = YES;
				CLANG_WARN_OBJC_IMPLICIT_RETAIN_SELF = YES;
				CLANG_WARN_OBJC_LITERAL_CONVERSION = YES;
				CLANG_WARN_OBJC_ROOT_CLASS = YES_ERROR;
				CLANG_WARN_QUOTED_INCLUDE_IN_FRAMEWORK_HEADER = YES;
				CLANG_WARN_RANGE_LOOP_ANALYSIS = YES;
				CLANG_WARN_STRICT_PROTOTYPES = YES;
				CLANG_WARN_SUSPICIOUS_MOVE = YES;
				CLANG_WARN_UNGUARDED_AVAILABILITY = YES_AGGRESSIVE;
				CLANG_WARN_UNREACHABLE_CODE = YES;
				CLANG_WARN__DUPLICATE_METHOD_MATCH = YES;
				COPY_PHASE_STRIP = NO;
				DEBUG_INFORMATION_FORMAT = dwarf;
				ENABLE_STRICT_OBJC_MSGSEND = YES;
				ENABLE_TESTABILITY = YES;
				GCC_C_LANGUAGE_STANDARD = gnu11;
				GCC_DYNAMIC_NO_PIC = NO;
				GCC_NO_COMMON_BLOCKS = YES;
				GCC_OPTIMIZATION_LEVEL = 0;
				GCC_PREPROCESSOR_DEFINITIONS = (
					"DEBUG=1",
					"$(inherited)",
				);
				GCC_WARN_64_TO_32_BIT_CONVERSION = YES;
				GCC_WARN_ABOUT_RETURN_TYPE = YES_ERROR;
				GCC_WARN_UNDECLARED_SELECTOR = YES;
				GCC_WARN_UNINITIALIZED_AUTOS = YES_AGGRESSIVE;
				GCC_WARN_UNUSED_FUNCTION = YES;
				GCC_WARN_UNUSED_VARIABLE = YES;
				IPHONEOS_DEPLOYMENT_TARGET = 15.0;
				MTL_ENABLE_DEBUG_INFO = INCLUDE_SOURCE;
				MTL_FAST_MATH = YES;
				ONLY_ACTIVE_ARCH = YES;
				SDKROOT = iphoneos;
				SWIFT_ACTIVE_COMPILATION_CONDITIONS = DEBUG;
				SWIFT_OPTIMIZATION_LEVEL = "-Onone";
			};
			name = Debug;
		};
		2727D6FA272FA628001DFC17 /* Release */ = {
			isa = XCBuildConfiguration;
			buildSettings = {
				ALWAYS_SEARCH_USER_PATHS = NO;
				CLANG_ANALYZER_NONNULL = YES;
				CLANG_ANALYZER_NUMBER_OBJECT_CONVERSION = YES_AGGRESSIVE;
				CLANG_CXX_LANGUAGE_STANDARD = "gnu++17";
				CLANG_CXX_LIBRARY = "libc++";
				CLANG_ENABLE_MODULES = YES;
				CLANG_ENABLE_OBJC_ARC = YES;
				CLANG_ENABLE_OBJC_WEAK = YES;
				CLANG_WARN_BLOCK_CAPTURE_AUTORELEASING = YES;
				CLANG_WARN_BOOL_CONVERSION = YES;
				CLANG_WARN_COMMA = YES;
				CLANG_WARN_CONSTANT_CONVERSION = YES;
				CLANG_WARN_DEPRECATED_OBJC_IMPLEMENTATIONS = YES;
				CLANG_WARN_DIRECT_OBJC_ISA_USAGE = YES_ERROR;
				CLANG_WARN_DOCUMENTATION_COMMENTS = YES;
				CLANG_WARN_EMPTY_BODY = YES;
				CLANG_WARN_ENUM_CONVERSION = YES;
				CLANG_WARN_INFINITE_RECURSION = YES;
				CLANG_WARN_INT_CONVERSION = YES;
				CLANG_WARN_NON_LITERAL_NULL_CONVERSION = YES;
				CLANG_WARN_OBJC_IMPLICIT_RETAIN_SELF = YES;
				CLANG_WARN_OBJC_LITERAL_CONVERSION = YES;
				CLANG_WARN_OBJC_ROOT_CLASS = YES_ERROR;
				CLANG_WARN_QUOTED_INCLUDE_IN_FRAMEWORK_HEADER = YES;
				CLANG_WARN_RANGE_LOOP_ANALYSIS = YES;
				CLANG_WARN_STRICT_PROTOTYPES = YES;
				CLANG_WARN_SUSPICIOUS_MOVE = YES;
				CLANG_WARN_UNGUARDED_AVAILABILITY = YES_AGGRESSIVE;
				CLANG_WARN_UNREACHABLE_CODE = YES;
				CLANG_WARN__DUPLICATE_METHOD_MATCH = YES;
				COPY_PHASE_STRIP = NO;
				DEBUG_INFORMATION_FORMAT = "dwarf-with-dsym";
				ENABLE_NS_ASSERTIONS = NO;
				ENABLE_STRICT_OBJC_MSGSEND = YES;
				GCC_C_LANGUAGE_STANDARD = gnu11;
				GCC_NO_COMMON_BLOCKS = YES;
				GCC_WARN_64_TO_32_BIT_CONVERSION = YES;
				GCC_WARN_ABOUT_RETURN_TYPE = YES_ERROR;
				GCC_WARN_UNDECLARED_SELECTOR = YES;
				GCC_WARN_UNINITIALIZED_AUTOS = YES_AGGRESSIVE;
				GCC_WARN_UNUSED_FUNCTION = YES;
				GCC_WARN_UNUSED_VARIABLE = YES;
				IPHONEOS_DEPLOYMENT_TARGET = 15.0;
				MTL_ENABLE_DEBUG_INFO = NO;
				MTL_FAST_MATH = YES;
				SDKROOT = iphoneos;
				SWIFT_COMPILATION_MODE = wholemodule;
				SWIFT_OPTIMIZATION_LEVEL = "-O";
				VALIDATE_PRODUCT = YES;
			};
			name = Release;
		};
		2727D6FC272FA628001DFC17 /* Debug */ = {
			isa = XCBuildConfiguration;
			baseConfigurationReference = 7BDB36D028DE752E69AA4DC0 /* Pods-SwingOn.debug.xcconfig */;
			buildSettings = {
				ASSETCATALOG_COMPILER_APPICON_NAME = AppIcon;
				ASSETCATALOG_COMPILER_GLOBAL_ACCENT_COLOR_NAME = AccentColor;
				CODE_SIGN_STYLE = Automatic;
				CURRENT_PROJECT_VERSION = 1;
				DEVELOPMENT_ASSET_PATHS = "\"SwingOn/Preview Content\"";
				DEVELOPMENT_TEAM = MSLJ78YPR6;
				ENABLE_PREVIEWS = YES;
				GENERATE_INFOPLIST_FILE = YES;
				INFOPLIST_KEY_UIApplicationSceneManifest_Generation = YES;
				INFOPLIST_KEY_UIApplicationSupportsIndirectInputEvents = YES;
				INFOPLIST_KEY_UILaunchScreen_Generation = YES;
				INFOPLIST_KEY_UILaunchStoryboardName = "Launch Screen";
				INFOPLIST_KEY_UISupportedInterfaceOrientations_iPad = "UIInterfaceOrientationPortrait UIInterfaceOrientationPortraitUpsideDown UIInterfaceOrientationLandscapeLeft UIInterfaceOrientationLandscapeRight";
				INFOPLIST_KEY_UISupportedInterfaceOrientations_iPhone = "UIInterfaceOrientationPortrait UIInterfaceOrientationLandscapeLeft UIInterfaceOrientationLandscapeRight";
				IPHONEOS_DEPLOYMENT_TARGET = 15.0;
				LD_RUNPATH_SEARCH_PATHS = (
					"$(inherited)",
					"@executable_path/Frameworks",
				);
				MARKETING_VERSION = 1.0;
				PRODUCT_BUNDLE_IDENTIFIER = com.Team20.SwingOn;
				PRODUCT_NAME = "$(TARGET_NAME)";
				SWIFT_EMIT_LOC_STRINGS = YES;
				SWIFT_VERSION = 5.0;
				TARGETED_DEVICE_FAMILY = 1;
			};
			name = Debug;
		};
		2727D6FD272FA628001DFC17 /* Release */ = {
			isa = XCBuildConfiguration;
			baseConfigurationReference = 4CC79D89E7C95E77577EA08B /* Pods-SwingOn.release.xcconfig */;
			buildSettings = {
				ASSETCATALOG_COMPILER_APPICON_NAME = AppIcon;
				ASSETCATALOG_COMPILER_GLOBAL_ACCENT_COLOR_NAME = AccentColor;
				CODE_SIGN_STYLE = Automatic;
				CURRENT_PROJECT_VERSION = 1;
				DEVELOPMENT_ASSET_PATHS = "\"SwingOn/Preview Content\"";
				DEVELOPMENT_TEAM = MSLJ78YPR6;
				ENABLE_PREVIEWS = YES;
				GENERATE_INFOPLIST_FILE = YES;
				INFOPLIST_KEY_UIApplicationSceneManifest_Generation = YES;
				INFOPLIST_KEY_UIApplicationSupportsIndirectInputEvents = YES;
				INFOPLIST_KEY_UILaunchScreen_Generation = YES;
				INFOPLIST_KEY_UILaunchStoryboardName = "Launch Screen";
				INFOPLIST_KEY_UISupportedInterfaceOrientations_iPad = "UIInterfaceOrientationPortrait UIInterfaceOrientationPortraitUpsideDown UIInterfaceOrientationLandscapeLeft UIInterfaceOrientationLandscapeRight";
				INFOPLIST_KEY_UISupportedInterfaceOrientations_iPhone = "UIInterfaceOrientationPortrait UIInterfaceOrientationLandscapeLeft UIInterfaceOrientationLandscapeRight";
				IPHONEOS_DEPLOYMENT_TARGET = 15.0;
				LD_RUNPATH_SEARCH_PATHS = (
					"$(inherited)",
					"@executable_path/Frameworks",
				);
				MARKETING_VERSION = 1.0;
				PRODUCT_BUNDLE_IDENTIFIER = com.Team20.SwingOn;
				PRODUCT_NAME = "$(TARGET_NAME)";
				SWIFT_EMIT_LOC_STRINGS = YES;
				SWIFT_VERSION = 5.0;
				TARGETED_DEVICE_FAMILY = 1;
			};
			name = Release;
		};
/* End XCBuildConfiguration section */

/* Begin XCConfigurationList section */
		2727D6E8272FA627001DFC17 /* Build configuration list for PBXProject "SwingOn" */ = {
			isa = XCConfigurationList;
			buildConfigurations = (
				2727D6F9272FA628001DFC17 /* Debug */,
				2727D6FA272FA628001DFC17 /* Release */,
			);
			defaultConfigurationIsVisible = 0;
			defaultConfigurationName = Release;
		};
		2727D6FB272FA628001DFC17 /* Build configuration list for PBXNativeTarget "SwingOn" */ = {
			isa = XCConfigurationList;
			buildConfigurations = (
				2727D6FC272FA628001DFC17 /* Debug */,
				2727D6FD272FA628001DFC17 /* Release */,
			);
			defaultConfigurationIsVisible = 0;
			defaultConfigurationName = Release;
		};
/* End XCConfigurationList section */
	};
	rootObject = 2727D6E5272FA627001DFC17 /* Project object */;
}
