// !$*UTF8*$!
{
	archiveVersion = 1;
	classes = {
	};
	objectVersion = 55;
	objects = {

/* Begin PBXBuildFile section */
		2727D6F1272FA627001DFC17 /* SwingOnApp.swift in Sources */ = {isa = PBXBuildFile; fileRef = 2727D6F0272FA627001DFC17 /* SwingOnApp.swift */; };
		2727D6F3272FA627001DFC17 /* ContentView.swift in Sources */ = {isa = PBXBuildFile; fileRef = 2727D6F2272FA627001DFC17 /* ContentView.swift */; };
		2727D6F5272FA628001DFC17 /* Assets.xcassets in Resources */ = {isa = PBXBuildFile; fileRef = 2727D6F4272FA628001DFC17 /* Assets.xcassets */; };
		2727D6F8272FA628001DFC17 /* Preview Assets.xcassets in Resources */ = {isa = PBXBuildFile; fileRef = 2727D6F7272FA628001DFC17 /* Preview Assets.xcassets */; };
		2727D6FF272FA6C3001DFC17 /* Launch Screen.storyboard in Resources */ = {isa = PBXBuildFile; fileRef = 2727D6FE272FA6C3001DFC17 /* Launch Screen.storyboard */; };
		27F48EDA2745D3640031C693 /* FilePickerModel.swift in Sources */ = {isa = PBXBuildFile; fileRef = 27F48ED92745D3640031C693 /* FilePickerModel.swift */; };
		27F5FAD72744B54F0036FC22 /* MapViewModel.swift in Sources */ = {isa = PBXBuildFile; fileRef = 27F5FAD62744B54F0036FC22 /* MapViewModel.swift */; };
		27F9C2F427456105008F591C /* PhotoPickerModel.swift in Sources */ = {isa = PBXBuildFile; fileRef = 27F9C2F327456105008F591C /* PhotoPickerModel.swift */; };
		4C2AD91C27E041F0009FD01F /* Feedback.swift in Sources */ = {isa = PBXBuildFile; fileRef = 4C2AD91B27E041F0009FD01F /* Feedback.swift */; };
		4C7A456B275611E300474408 /* LiveVideoAnalysis.swift in Sources */ = {isa = PBXBuildFile; fileRef = 4C7A456A275611E300474408 /* LiveVideoAnalysis.swift */; };
		4CD2517027498F690046B976 /* CameraModel.swift in Sources */ = {isa = PBXBuildFile; fileRef = 4CD2516F27498F680046B976 /* CameraModel.swift */; };
		4CD251742749AF3F0046B976 /* VideoViewer.swift in Sources */ = {isa = PBXBuildFile; fileRef = 4CD251732749AF3F0046B976 /* VideoViewer.swift */; };
		4CF12EB32804CB7A004EED40 /* SwingOn-ViewModel.swift in Sources */ = {isa = PBXBuildFile; fileRef = 4CF12EB22804CB7A004EED40 /* SwingOn-ViewModel.swift */; };
/* End PBXBuildFile section */

/* Begin PBXFileReference section */
		2727D6ED272FA627001DFC17 /* SwingOn.app */ = {isa = PBXFileReference; explicitFileType = wrapper.application; includeInIndex = 0; path = SwingOn.app; sourceTree = BUILT_PRODUCTS_DIR; };
		2727D6F0272FA627001DFC17 /* SwingOnApp.swift */ = {isa = PBXFileReference; lastKnownFileType = sourcecode.swift; name = SwingOnApp.swift; path = SwingOn/SwingOnApp.swift; sourceTree = "<group>"; };
		2727D6F2272FA627001DFC17 /* ContentView.swift */ = {isa = PBXFileReference; lastKnownFileType = sourcecode.swift; name = ContentView.swift; path = SwingOn/ContentView.swift; sourceTree = "<group>"; };
		2727D6F4272FA628001DFC17 /* Assets.xcassets */ = {isa = PBXFileReference; lastKnownFileType = folder.assetcatalog; name = Assets.xcassets; path = SwingOn/Assets.xcassets; sourceTree = "<group>"; };
		2727D6F7272FA628001DFC17 /* Preview Assets.xcassets */ = {isa = PBXFileReference; lastKnownFileType = folder.assetcatalog; path = "Preview Assets.xcassets"; sourceTree = "<group>"; };
		2727D6FE272FA6C3001DFC17 /* Launch Screen.storyboard */ = {isa = PBXFileReference; lastKnownFileType = file.storyboard; name = "Launch Screen.storyboard"; path = "SwingOn/Launch Screen.storyboard"; sourceTree = "<group>"; };
		27F48ED92745D3640031C693 /* FilePickerModel.swift */ = {isa = PBXFileReference; lastKnownFileType = sourcecode.swift; name = FilePickerModel.swift; path = SwingOn/FilePickerModel.swift; sourceTree = "<group>"; };
		27F5FAD62744B54F0036FC22 /* MapViewModel.swift */ = {isa = PBXFileReference; lastKnownFileType = sourcecode.swift; name = MapViewModel.swift; path = SwingOn/MapViewModel.swift; sourceTree = "<group>"; };
		27F9C2F327456105008F591C /* PhotoPickerModel.swift */ = {isa = PBXFileReference; lastKnownFileType = sourcecode.swift; name = PhotoPickerModel.swift; path = SwingOn/PhotoPickerModel.swift; sourceTree = "<group>"; };
		4C2AD91B27E041F0009FD01F /* Feedback.swift */ = {isa = PBXFileReference; lastKnownFileType = sourcecode.swift; path = Feedback.swift; sourceTree = "<group>"; };
		4C7A456A275611E300474408 /* LiveVideoAnalysis.swift */ = {isa = PBXFileReference; lastKnownFileType = sourcecode.swift; path = LiveVideoAnalysis.swift; sourceTree = "<group>"; };
		4CD2516F27498F680046B976 /* CameraModel.swift */ = {isa = PBXFileReference; lastKnownFileType = sourcecode.swift; path = CameraModel.swift; sourceTree = "<group>"; };
		4CD251732749AF3F0046B976 /* VideoViewer.swift */ = {isa = PBXFileReference; lastKnownFileType = sourcecode.swift; path = VideoViewer.swift; sourceTree = "<group>"; };
		4CF12EB22804CB7A004EED40 /* SwingOn-ViewModel.swift */ = {isa = PBXFileReference; lastKnownFileType = sourcecode.swift; path = "SwingOn-ViewModel.swift"; sourceTree = "<group>"; };
/* End PBXFileReference section */

/* Begin PBXFrameworksBuildPhase section */
		2727D6EA272FA627001DFC17 /* Frameworks */ = {
			isa = PBXFrameworksBuildPhase;
			buildActionMask = 2147483647;
			files = (
			);
			runOnlyForDeploymentPostprocessing = 0;
		};
/* End PBXFrameworksBuildPhase section */

/* Begin PBXGroup section */
		2727D6E4272FA627001DFC17 = {
			isa = PBXGroup;
			children = (
				2727D6F0272FA627001DFC17 /* SwingOnApp.swift */,
				2727D6F2272FA627001DFC17 /* ContentView.swift */,
				4CD2516F27498F680046B976 /* CameraModel.swift */,
				27F5FAD62744B54F0036FC22 /* MapViewModel.swift */,
				4CD251732749AF3F0046B976 /* VideoViewer.swift */,
				4C2AD91B27E041F0009FD01F /* Feedback.swift */,
				27F9C2F327456105008F591C /* PhotoPickerModel.swift */,
				27F48ED92745D3640031C693 /* FilePickerModel.swift */,
				4C7A456A275611E300474408 /* LiveVideoAnalysis.swift */,
				4CF12EB22804CB7A004EED40 /* SwingOn-ViewModel.swift */,
				2727D6F4272FA628001DFC17 /* Assets.xcassets */,
				2727D6F6272FA628001DFC17 /* Preview Content */,
				2727D6FE272FA6C3001DFC17 /* Launch Screen.storyboard */,
				2727D6EE272FA627001DFC17 /* Products */,
			);
			sourceTree = "<group>";
		};
		2727D6EE272FA627001DFC17 /* Products */ = {
			isa = PBXGroup;
			children = (
				2727D6ED272FA627001DFC17 /* SwingOn.app */,
			);
			name = Products;
			sourceTree = "<group>";
		};
		2727D6F6272FA628001DFC17 /* Preview Content */ = {
			isa = PBXGroup;
			children = (
				2727D6F7272FA628001DFC17 /* Preview Assets.xcassets */,
			);
			name = "Preview Content";
			path = "SwingOn/Preview Content";
			sourceTree = "<group>";
		};
/* End PBXGroup section */

/* Begin PBXNativeTarget section */
		2727D6EC272FA627001DFC17 /* SwingOn */ = {
			isa = PBXNativeTarget;
			buildConfigurationList = 2727D6FB272FA628001DFC17 /* Build configuration list for PBXNativeTarget "SwingOn" */;
			buildPhases = (
				2727D6E9272FA627001DFC17 /* Sources */,
				2727D6EA272FA627001DFC17 /* Frameworks */,
				2727D6EB272FA627001DFC17 /* Resources */,
			);
			buildRules = (
			);
			dependencies = (
			);
			name = SwingOn;
			productName = SwingOn;
			productReference = 2727D6ED272FA627001DFC17 /* SwingOn.app */;
			productType = "com.apple.product-type.application";
		};
/* End PBXNativeTarget section */

/* Begin PBXProject section */
		2727D6E5272FA627001DFC17 /* Project object */ = {
			isa = PBXProject;
			attributes = {
				BuildIndependentTargetsInParallel = 1;
				LastSwiftUpdateCheck = 1310;
				LastUpgradeCheck = 1310;
				TargetAttributes = {
					2727D6EC272FA627001DFC17 = {
						CreatedOnToolsVersion = 13.1;
					};
				};
			};
			buildConfigurationList = 2727D6E8272FA627001DFC17 /* Build configuration list for PBXProject "SwingOn" */;
			compatibilityVersion = "Xcode 13.0";
			developmentRegion = en;
			hasScannedForEncodings = 0;
			knownRegions = (
				en,
				Base,
			);
			mainGroup = 2727D6E4272FA627001DFC17;
			productRefGroup = 2727D6EE272FA627001DFC17 /* Products */;
			projectDirPath = "";
			projectRoot = "";
			targets = (
				2727D6EC272FA627001DFC17 /* SwingOn */,
			);
		};
/* End PBXProject section */

/* Begin PBXResourcesBuildPhase section */
		2727D6EB272FA627001DFC17 /* Resources */ = {
			isa = PBXResourcesBuildPhase;
			buildActionMask = 2147483647;
			files = (
				2727D6FF272FA6C3001DFC17 /* Launch Screen.storyboard in Resources */,
				2727D6F8272FA628001DFC17 /* Preview Assets.xcassets in Resources */,
				2727D6F5272FA628001DFC17 /* Assets.xcassets in Resources */,
			);
			runOnlyForDeploymentPostprocessing = 0;
		};
/* End PBXResourcesBuildPhase section */

/* Begin PBXSourcesBuildPhase section */
		2727D6E9272FA627001DFC17 /* Sources */ = {
			isa = PBXSourcesBuildPhase;
			buildActionMask = 2147483647;
			files = (
				4C7A456B275611E300474408 /* LiveVideoAnalysis.swift in Sources */,
				4CD251742749AF3F0046B976 /* VideoViewer.swift in Sources */,
				4C2AD91C27E041F0009FD01F /* Feedback.swift in Sources */,
				27F48EDA2745D3640031C693 /* FilePickerModel.swift in Sources */,
				2727D6F3272FA627001DFC17 /* ContentView.swift in Sources */,
				4CD2517027498F690046B976 /* CameraModel.swift in Sources */,
				4CF12EB32804CB7A004EED40 /* SwingOn-ViewModel.swift in Sources */,
				2727D6F1272FA627001DFC17 /* SwingOnApp.swift in Sources */,
				27F9C2F427456105008F591C /* PhotoPickerModel.swift in Sources */,
				27F5FAD72744B54F0036FC22 /* MapViewModel.swift in Sources */,
			);
			runOnlyForDeploymentPostprocessing = 0;
		};
/* End PBXSourcesBuildPhase section */

/* Begin XCBuildConfiguration section */
		2727D6F9272FA628001DFC17 /* Debug */ = {
			isa = XCBuildConfiguration;
			buildSettings = {
				ALWAYS_SEARCH_USER_PATHS = NO;
				CLANG_ANALYZER_NONNULL = YES;
				CLANG_ANALYZER_NUMBER_OBJECT_CONVERSION = YES_AGGRESSIVE;
				CLANG_CXX_LANGUAGE_STANDARD = "gnu++17";
				CLANG_CXX_LIBRARY = "libc++";
				CLANG_ENABLE_MODULES = YES;
				CLANG_ENABLE_OBJC_ARC = YES;
				CLANG_ENABLE_OBJC_WEAK = YES;
				CLANG_WARN_BLOCK_CAPTURE_AUTORELEASING = YES;
				CLANG_WARN_BOOL_CONVERSION = YES;
				CLANG_WARN_COMMA = YES;
				CLANG_WARN_CONSTANT_CONVERSION = YES;
				CLANG_WARN_DEPRECATED_OBJC_IMPLEMENTATIONS = YES;
				CLANG_WARN_DIRECT_OBJC_ISA_USAGE = YES_ERROR;
				CLANG_WARN_DOCUMENTATION_COMMENTS = YES;
				CLANG_WARN_EMPTY_BODY = YES;
				CLANG_WARN_ENUM_CONVERSION = YES;
				CLANG_WARN_INFINITE_RECURSION = YES;
				CLANG_WARN_INT_CONVERSION = YES;
				CLANG_WARN_NON_LITERAL_NULL_CONVERSION = YES;
				CLANG_WARN_OBJC_IMPLICIT_RETAIN_SELF = YES;
				CLANG_WARN_OBJC_LITERAL_CONVERSION = YES;
				CLANG_WARN_OBJC_ROOT_CLASS = YES_ERROR;
				CLANG_WARN_QUOTED_INCLUDE_IN_FRAMEWORK_HEADER = YES;
				CLANG_WARN_RANGE_LOOP_ANALYSIS = YES;
				CLANG_WARN_STRICT_PROTOTYPES = YES;
				CLANG_WARN_SUSPICIOUS_MOVE = YES;
				CLANG_WARN_UNGUARDED_AVAILABILITY = YES_AGGRESSIVE;
				CLANG_WARN_UNREACHABLE_CODE = YES;
				CLANG_WARN__DUPLICATE_METHOD_MATCH = YES;
				COPY_PHASE_STRIP = NO;
				DEBUG_INFORMATION_FORMAT = dwarf;
				ENABLE_STRICT_OBJC_MSGSEND = YES;
				ENABLE_TESTABILITY = YES;
				GCC_C_LANGUAGE_STANDARD = gnu11;
				GCC_DYNAMIC_NO_PIC = NO;
				GCC_NO_COMMON_BLOCKS = YES;
				GCC_OPTIMIZATION_LEVEL = 0;
				GCC_PREPROCESSOR_DEFINITIONS = (
					"DEBUG=1",
					"$(inherited)",
				);
				GCC_WARN_64_TO_32_BIT_CONVERSION = YES;
				GCC_WARN_ABOUT_RETURN_TYPE = YES_ERROR;
				GCC_WARN_UNDECLARED_SELECTOR = YES;
				GCC_WARN_UNINITIALIZED_AUTOS = YES_AGGRESSIVE;
				GCC_WARN_UNUSED_FUNCTION = YES;
				GCC_WARN_UNUSED_VARIABLE = YES;
				IPHONEOS_DEPLOYMENT_TARGET = 15.0;
				MTL_ENABLE_DEBUG_INFO = INCLUDE_SOURCE;
				MTL_FAST_MATH = YES;
				ONLY_ACTIVE_ARCH = YES;
				SDKROOT = iphoneos;
				SWIFT_ACTIVE_COMPILATION_CONDITIONS = DEBUG;
				SWIFT_OPTIMIZATION_LEVEL = "-Onone";
			};
			name = Debug;
		};
		2727D6FA272FA628001DFC17 /* Release */ = {
			isa = XCBuildConfiguration;
			buildSettings = {
				ALWAYS_SEARCH_USER_PATHS = NO;
				CLANG_ANALYZER_NONNULL = YES;
				CLANG_ANALYZER_NUMBER_OBJECT_CONVERSION = YES_AGGRESSIVE;
				CLANG_CXX_LANGUAGE_STANDARD = "gnu++17";
				CLANG_CXX_LIBRARY = "libc++";
				CLANG_ENABLE_MODULES = YES;
				CLANG_ENABLE_OBJC_ARC = YES;
				CLANG_ENABLE_OBJC_WEAK = YES;
				CLANG_WARN_BLOCK_CAPTURE_AUTORELEASING = YES;
				CLANG_WARN_BOOL_CONVERSION = YES;
				CLANG_WARN_COMMA = YES;
				CLANG_WARN_CONSTANT_CONVERSION = YES;
				CLANG_WARN_DEPRECATED_OBJC_IMPLEMENTATIONS = YES;
				CLANG_WARN_DIRECT_OBJC_ISA_USAGE = YES_ERROR;
				CLANG_WARN_DOCUMENTATION_COMMENTS = YES;
				CLANG_WARN_EMPTY_BODY = YES;
				CLANG_WARN_ENUM_CONVERSION = YES;
				CLANG_WARN_INFINITE_RECURSION = YES;
				CLANG_WARN_INT_CONVERSION = YES;
				CLANG_WARN_NON_LITERAL_NULL_CONVERSION = YES;
				CLANG_WARN_OBJC_IMPLICIT_RETAIN_SELF = YES;
				CLANG_WARN_OBJC_LITERAL_CONVERSION = YES;
				CLANG_WARN_OBJC_ROOT_CLASS = YES_ERROR;
				CLANG_WARN_QUOTED_INCLUDE_IN_FRAMEWORK_HEADER = YES;
				CLANG_WARN_RANGE_LOOP_ANALYSIS = YES;
				CLANG_WARN_STRICT_PROTOTYPES = YES;
				CLANG_WARN_SUSPICIOUS_MOVE = YES;
				CLANG_WARN_UNGUARDED_AVAILABILITY = YES_AGGRESSIVE;
				CLANG_WARN_UNREACHABLE_CODE = YES;
				CLANG_WARN__DUPLICATE_METHOD_MATCH = YES;
				COPY_PHASE_STRIP = NO;
				DEBUG_INFORMATION_FORMAT = "dwarf-with-dsym";
				ENABLE_NS_ASSERTIONS = NO;
				ENABLE_STRICT_OBJC_MSGSEND = YES;
				GCC_C_LANGUAGE_STANDARD = gnu11;
				GCC_NO_COMMON_BLOCKS = YES;
				GCC_WARN_64_TO_32_BIT_CONVERSION = YES;
				GCC_WARN_ABOUT_RETURN_TYPE = YES_ERROR;
				GCC_WARN_UNDECLARED_SELECTOR = YES;
				GCC_WARN_UNINITIALIZED_AUTOS = YES_AGGRESSIVE;
				GCC_WARN_UNUSED_FUNCTION = YES;
				GCC_WARN_UNUSED_VARIABLE = YES;
				IPHONEOS_DEPLOYMENT_TARGET = 15.0;
				MTL_ENABLE_DEBUG_INFO = NO;
				MTL_FAST_MATH = YES;
				SDKROOT = iphoneos;
				SWIFT_COMPILATION_MODE = wholemodule;
				SWIFT_OPTIMIZATION_LEVEL = "-O";
				VALIDATE_PRODUCT = YES;
			};
			name = Release;
		};
		2727D6FC272FA628001DFC17 /* Debug */ = {
			isa = XCBuildConfiguration;
			buildSettings = {
				ASSETCATALOG_COMPILER_APPICON_NAME = AppIcon;
				ASSETCATALOG_COMPILER_GLOBAL_ACCENT_COLOR_NAME = AccentColor;
				CODE_SIGN_STYLE = Automatic;
				CURRENT_PROJECT_VERSION = 1;
				DEVELOPMENT_ASSET_PATHS = "\"SwingOn/Preview Content\"";
				DEVELOPMENT_TEAM = MSLJ78YPR6;
				ENABLE_PREVIEWS = YES;
				GENERATE_INFOPLIST_FILE = YES;
				INFOPLIST_KEY_NSCameraUsageDescription = "Please allow the App to access your camera";
				INFOPLIST_KEY_NSLocationWhenInUseUsageDescription = "Please allow the App to access your location";
				INFOPLIST_KEY_UIApplicationSceneManifest_Generation = YES;
				INFOPLIST_KEY_UIApplicationSupportsIndirectInputEvents = YES;
				INFOPLIST_KEY_UILaunchScreen_Generation = YES;
				INFOPLIST_KEY_UILaunchStoryboardName = "Launch Screen";
				INFOPLIST_KEY_UIMainStoryboardFile = "Launch Screen";
				INFOPLIST_KEY_UISupportedInterfaceOrientations = UIInterfaceOrientationPortrait;
				INFOPLIST_KEY_UISupportedInterfaceOrientations_iPad = "UIInterfaceOrientationPortrait UIInterfaceOrientationPortraitUpsideDown UIInterfaceOrientationLandscapeLeft UIInterfaceOrientationLandscapeRight";
				INFOPLIST_KEY_UISupportedInterfaceOrientations_iPhone = "UIInterfaceOrientationPortrait UIInterfaceOrientationLandscapeLeft UIInterfaceOrientationLandscapeRight";
				LD_RUNPATH_SEARCH_PATHS = (
					"$(inherited)",
					"@executable_path/Frameworks",
				);
				MARKETING_VERSION = 1.0;
				PRODUCT_BUNDLE_IDENTIFIER = com.Team20.SwingOn;
				PRODUCT_NAME = "$(TARGET_NAME)";
				SWIFT_EMIT_LOC_STRINGS = YES;
				SWIFT_VERSION = 5.0;
				TARGETED_DEVICE_FAMILY = 1;
			};
			name = Debug;
		};
		2727D6FD272FA628001DFC17 /* Release */ = {
			isa = XCBuildConfiguration;
			buildSettings = {
				ASSETCATALOG_COMPILER_APPICON_NAME = AppIcon;
				ASSETCATALOG_COMPILER_GLOBAL_ACCENT_COLOR_NAME = AccentColor;
				CODE_SIGN_STYLE = Automatic;
				CURRENT_PROJECT_VERSION = 1;
				DEVELOPMENT_ASSET_PATHS = "\"SwingOn/Preview Content\"";
				DEVELOPMENT_TEAM = MSLJ78YPR6;
				ENABLE_PREVIEWS = YES;
				GENERATE_INFOPLIST_FILE = YES;
				INFOPLIST_KEY_NSCameraUsageDescription = "Please allow the App to access your camera";
				INFOPLIST_KEY_NSLocationWhenInUseUsageDescription = "Please allow the App to access your location";
				INFOPLIST_KEY_UIApplicationSceneManifest_Generation = YES;
				INFOPLIST_KEY_UIApplicationSupportsIndirectInputEvents = YES;
				INFOPLIST_KEY_UILaunchScreen_Generation = YES;
				INFOPLIST_KEY_UILaunchStoryboardName = "Launch Screen";
				INFOPLIST_KEY_UIMainStoryboardFile = "Launch Screen";
				INFOPLIST_KEY_UISupportedInterfaceOrientations = UIInterfaceOrientationPortrait;
				INFOPLIST_KEY_UISupportedInterfaceOrientations_iPad = "UIInterfaceOrientationPortrait UIInterfaceOrientationPortraitUpsideDown UIInterfaceOrientationLandscapeLeft UIInterfaceOrientationLandscapeRight";
				INFOPLIST_KEY_UISupportedInterfaceOrientations_iPhone = "UIInterfaceOrientationPortrait UIInterfaceOrientationLandscapeLeft UIInterfaceOrientationLandscapeRight";
				LD_RUNPATH_SEARCH_PATHS = (
					"$(inherited)",
					"@executable_path/Frameworks",
				);
				MARKETING_VERSION = 1.0;
				PRODUCT_BUNDLE_IDENTIFIER = com.Team20.SwingOn;
				PRODUCT_NAME = "$(TARGET_NAME)";
				SWIFT_EMIT_LOC_STRINGS = YES;
				SWIFT_VERSION = 5.0;
				TARGETED_DEVICE_FAMILY = 1;
			};
			name = Release;
		};
/* End XCBuildConfiguration section */

/* Begin XCConfigurationList section */
		2727D6E8272FA627001DFC17 /* Build configuration list for PBXProject "SwingOn" */ = {
			isa = XCConfigurationList;
			buildConfigurations = (
				2727D6F9272FA628001DFC17 /* Debug */,
				2727D6FA272FA628001DFC17 /* Release */,
			);
			defaultConfigurationIsVisible = 0;
			defaultConfigurationName = Release;
		};
		2727D6FB272FA628001DFC17 /* Build configuration list for PBXNativeTarget "SwingOn" */ = {
			isa = XCConfigurationList;
			buildConfigurations = (
				2727D6FC272FA628001DFC17 /* Debug */,
				2727D6FD272FA628001DFC17 /* Release */,
			);
			defaultConfigurationIsVisible = 0;
			defaultConfigurationName = Release;
		};
/* End XCConfigurationList section */
	};
	rootObject = 2727D6E5272FA627001DFC17 /* Project object */;
}
